
Microsoft Visual Studio Solution File, Format Version 12.00
# Visual Studio Version 17
VisualStudioVersion = 17.14.36511.14
MinimumVisualStudioVersion = 10.0.40219.1
Project("{FAE04EC0-301F-11D3-BF4B-00C04F79EFBC}") = "OrderManagementSystem", "OrderManagementSystem\OrderManagementSystem.csproj", "{87837EF9-8F6F-4AAB-BE7A-F241783221CA}"
EndProject
Project("{FAE04EC0-301F-11D3-BF4B-00C04F79EFBC}") = "OrderManagementSystem_DAL", "OrderManagementSystem_DAL\OrderManagementSystem_DAL.csproj", "{14E74073-F8EF-456D-8245-A9986F07EC4B}"
EndProject
Project("{FAE04EC0-301F-11D3-BF4B-00C04F79EFBC}") = "OrderManagementSystem_Core", "OrderManagementSystem_Core\OrderManagementSystem_Core.csproj", "{0EB72178-9585-433E-AC49-2FF66DC4268D}"
EndProject
Global
	GlobalSection(SolutionConfigurationPlatforms) = preSolution
		Debug|Any CPU = Debug|Any CPU
		Release|Any CPU = Release|Any CPU
	EndGlobalSection
	GlobalSection(ProjectConfigurationPlatforms) = postSolution
		{87837EF9-8F6F-4AAB-BE7A-F241783221CA}.Debug|Any CPU.ActiveCfg = Debug|Any CPU
		{87837EF9-8F6F-4AAB-BE7A-F241783221CA}.Debug|Any CPU.Build.0 = Debug|Any CPU
		{87837EF9-8F6F-4AAB-BE7A-F241783221CA}.Release|Any CPU.ActiveCfg = Release|Any CPU
		{87837EF9-8F6F-4AAB-BE7A-F241783221CA}.Release|Any CPU.Build.0 = Release|Any CPU
		{14E74073-F8EF-456D-8245-A9986F07EC4B}.Debug|Any CPU.ActiveCfg = Debug|Any CPU
		{14E74073-F8EF-456D-8245-A9986F07EC4B}.Debug|Any CPU.Build.0 = Debug|Any CPU
		{14E74073-F8EF-456D-8245-A9986F07EC4B}.Release|Any CPU.ActiveCfg = Release|Any CPU
		{14E74073-F8EF-456D-8245-A9986F07EC4B}.Release|Any CPU.Build.0 = Release|Any CPU
		{0EB72178-9585-433E-AC49-2FF66DC4268D}.Debug|Any CPU.ActiveCfg = Debug|Any CPU
		{0EB72178-9585-433E-AC49-2FF66DC4268D}.Debug|Any CPU.Build.0 = Debug|Any CPU
		{0EB72178-9585-433E-AC49-2FF66DC4268D}.Release|Any CPU.ActiveCfg = Release|Any CPU
		{0EB72178-9585-433E-AC49-2FF66DC4268D}.Release|Any CPU.Build.0 = Release|Any CPU
	EndGlobalSection
	GlobalSection(SolutionProperties) = preSolution
		HideSolutionNode = FALSE
	EndGlobalSection
	GlobalSection(ExtensibilityGlobals) = postSolution
		SolutionGuid = {6C0E833B-4293-4DA5-8EBE-4C1FE594E62B}
	EndGlobalSection
EndGlobal
